
Microsoft Visual Studio Solution File, Format Version 11.00
# Visual Studio 2010
Project("{FAE04EC0-301F-11D3-BF4B-00C04F79EFBC}") = "Assembly-CSharp", "Assembly-CSharp.csproj", "{32a20443-34fb-12f5-418b-05a2e6caaafd}"
EndProject
Global
	GlobalSection(SolutionConfigurationPlatforms) = preSolution
		Debug|Any CPU = Debug|Any CPU
		Release|Any CPU = Release|Any CPU
	EndGlobalSection
	GlobalSection(ProjectConfigurationPlatforms) = postSolution
		{32a20443-34fb-12f5-418b-05a2e6caaafd}.Debug|Any CPU.ActiveCfg = Debug|Any CPU
		{32a20443-34fb-12f5-418b-05a2e6caaafd}.Debug|Any CPU.Build.0 = Debug|Any CPU
		{32a20443-34fb-12f5-418b-05a2e6caaafd}.Release|Any CPU.ActiveCfg = Release|Any CPU
		{32a20443-34fb-12f5-418b-05a2e6caaafd}.Release|Any CPU.Build.0 = Release|Any CPU
	EndGlobalSection
	GlobalSection(SolutionProperties) = preSolution
		HideSolutionNode = FALSE
	EndGlobalSection
EndGlobal
